# This file is generated by running "yarn install" inside your project.
# Manual changes might be lost - proceed with caution!

__metadata:
  version: 5
  cacheKey: 8

"@babel/runtime@npm:^7.21.0":
  version: 7.27.0
  resolution: "@babel/runtime@npm:7.27.0"
  dependencies:
    regenerator-runtime: ^0.14.0
  checksum: 3e73d9e65f76fad8f99802b5364c941f4a60c693b3eca66147bb0bfa54cf0fbe017232155e16e3fd83c0a049b51b8d7239efbd73626534abe8b54a6dd57dcb1b
  languageName: node
  linkType: hard

"@babel/runtime@npm:^7.23.9, @babel/runtime@npm:^7.27.6":
  version: 7.28.2
  resolution: "@babel/runtime@npm:7.28.2"
  checksum: 8673eb2311752929f5b0167f42cff4cc1d5fadddd0394baca27d06c1618680ffcf95e9f01061f5c4dc3f6a32b6bbf500e7762c02dc22bcd273c2947b9774ddad
  languageName: node
  linkType: hard

"@dnd-kit/accessibility@npm:^3.1.0":
  version: 3.1.0
  resolution: "@dnd-kit/accessibility@npm:3.1.0"
  dependencies:
    tslib: ^2.0.0
  peerDependencies:
    react: ">=16.8.0"
  checksum: fcb88c961e2f4c226ab575bc4a13712419884bb0f60761befcaa23bcb6c9939dc2cac6633416f2a07baee9a8830350c6df444039332408cdaaf27cad17c6b64b
  languageName: node
  linkType: hard

"@dnd-kit/core@npm:6.1.0":
  version: 6.1.0
  resolution: "@dnd-kit/core@npm:6.1.0"
  dependencies:
    "@dnd-kit/accessibility": ^3.1.0
    "@dnd-kit/utilities": ^3.2.2
    tslib: ^2.0.0
  peerDependencies:
    react: ">=16.8.0"
    react-dom: ">=16.8.0"
  checksum: 3b8f46d2f4d2723abad4721c7bc4d1df2c4f6f26ce54673243666212cfa6f34f33e3255b53144a847da469dc736c966c19e4c45330f967ce8c01f8f878ec7f5b
  languageName: node
  linkType: hard

"@dnd-kit/modifiers@npm:^7.0.0":
  version: 7.0.0
  resolution: "@dnd-kit/modifiers@npm:7.0.0"
  dependencies:
    "@dnd-kit/utilities": ^3.2.2
    tslib: ^2.0.0
  peerDependencies:
    "@dnd-kit/core": ^6.1.0
    react: ">=16.8.0"
  checksum: 176f76a552a2692a205f7fe647c836aa7ded7f0fdc3370407f3633c153139fe838cb85e59cbc3b156377cc8fe3fb7b72af15b97ed3de15cec904eae35f0c36e6
  languageName: node
  linkType: hard

"@dnd-kit/sortable@npm:8.0.0":
  version: 8.0.0
  resolution: "@dnd-kit/sortable@npm:8.0.0"
  dependencies:
    "@dnd-kit/utilities": ^3.2.2
    tslib: ^2.0.0
  peerDependencies:
    "@dnd-kit/core": ^6.1.0
    react: ">=16.8.0"
  checksum: 26589fd23c18d930a949489b232a7345c0bee4abb6be91d3673232bc79085f13cb5d82087c2068edbc51cbdd3d47c2fe386bada92dc7f2d0dcde13d6be379daa
  languageName: node
  linkType: hard

"@dnd-kit/utilities@npm:3.2.2, @dnd-kit/utilities@npm:^3.2.2":
  version: 3.2.2
  resolution: "@dnd-kit/utilities@npm:3.2.2"
  dependencies:
    tslib: ^2.0.0
  peerDependencies:
    react: ">=16.8.0"
  checksum: 8a5015c2faa52760ab82a64287b2ac6a3d798867a1bca5ccbc1178560dbd9a1f9f1a21faea80f590ba1a4277c3eb7e7c4d3b4a39f1f32171bf6bc8174b370547
  languageName: node
  linkType: hard

"@googlemaps/js-api-loader@npm:1.16.2":
  version: 1.16.2
  resolution: "@googlemaps/js-api-loader@npm:1.16.2"
  dependencies:
    fast-deep-equal: ^3.1.3
  checksum: 122ee57cc6a936e50358aedc4e79042353590467210e901fb42d4e7d9123c248c4db5cd5407a350cb5bea6de9e9ef1a508c08ba593475285d90bc4b93db42f51
  languageName: node
  linkType: hard

"@googlemaps/markerclusterer@npm:2.5.3":
  version: 2.5.3
  resolution: "@googlemaps/markerclusterer@npm:2.5.3"
  dependencies:
    fast-deep-equal: ^3.1.3
    supercluster: ^8.0.1
  checksum: aa74e9b59d302a0c7444c48818f017532172973dece223c9a3f9b5cdb8aeba7ea3dd87ee785420972d24e7738937e76373e8aae8a0cf10f045bf9869d1b6b9ee
  languageName: node
  linkType: hard

"@mui/types@npm:^7.2.15":
  version: 7.4.4
  resolution: "@mui/types@npm:7.4.4"
  dependencies:
    "@babel/runtime": ^7.27.6
  peerDependencies:
    "@types/react": ^17.0.0 || ^18.0.0 || ^19.0.0
  peerDependenciesMeta:
    "@types/react":
      optional: true
  checksum: c5eacfcdd6f3078cf72ab5484fcd64af73bd43f36abba3db6d0fb4762d98d0347de30b01552fc2c6ce2a6e6205407624a1da721755aa2dc841d5f6fe5eb6d12e
  languageName: node
  linkType: hard

"@mui/utils@npm:5.16.6":
  version: 5.16.6
  resolution: "@mui/utils@npm:5.16.6"
  dependencies:
    "@babel/runtime": ^7.23.9
    "@mui/types": ^7.2.15
    "@types/prop-types": ^15.7.12
    clsx: ^2.1.1
    prop-types: ^15.8.1
    react-is: ^18.3.1
  peerDependencies:
    "@types/react": ^17.0.0 || ^18.0.0
    react: ^17.0.0 || ^18.0.0
  peerDependenciesMeta:
    "@types/react":
      optional: true
  checksum: 6f8068f07f60a842fcb2e2540eecbd9c5f04df695bcc427184720e8ae138ae689fefd3c20147ab7c76e809ede6e10f5e08d1c34cd3a8b09bd22d2020a666a96f
  languageName: node
  linkType: hard

"@popperjs/core@npm:^2.9.0":
  version: 2.11.8
  resolution: "@popperjs/core@npm:2.11.8"
  checksum: e5c69fdebf52a4012f6a1f14817ca8e9599cb1be73dd1387e1785e2ed5e5f0862ff817f420a87c7fc532add1f88a12e25aeb010ffcbdc98eace3d55ce2139cf0
  languageName: node
  linkType: hard

"@react-google-maps/api@npm:^2.7.0":
  version: 2.19.3
  resolution: "@react-google-maps/api@npm:2.19.3"
  dependencies:
    "@googlemaps/js-api-loader": 1.16.2
    "@googlemaps/markerclusterer": 2.5.3
    "@react-google-maps/infobox": 2.19.2
    "@react-google-maps/marker-clusterer": 2.19.2
    "@types/google.maps": 3.55.2
    invariant: 2.2.4
  peerDependencies:
    react: ^16.8 || ^17 || ^18
    react-dom: ^16.8 || ^17 || ^18
  checksum: fd12a3ee4ee2c987dff07f791396b57b16c60dcffc53cd151afe2c6a0cb3f1fc1c21d341871b8b0b362cfc6a17541d42ff5e6f5960e6795bc05314bd81b10250
  languageName: node
  linkType: hard

"@react-google-maps/infobox@npm:2.19.2":
  version: 2.19.2
  resolution: "@react-google-maps/infobox@npm:2.19.2"
  checksum: e2022d857931492d0fd457b72fa729076da1e3e0c5281a402a71127e35d683cb7ca4074e2888682a612ca4b5d2b0d6abc26cce94aa9a315abeaa61b4f6239f24
  languageName: node
  linkType: hard

"@react-google-maps/marker-clusterer@npm:2.19.2":
  version: 2.19.2
  resolution: "@react-google-maps/marker-clusterer@npm:2.19.2"
  checksum: fde23240ae153ec8aeddd1d702f1e2a8ee51412fe3b5079a88d4e1697f8c580e743afe6bb815214b218cefddb1a2097a9d982440c2207906dd1dd2a88b8068cb
  languageName: node
  linkType: hard

"@remirror/core-constants@npm:3.0.0":
  version: 3.0.0
  resolution: "@remirror/core-constants@npm:3.0.0"
  checksum: a944632b0f9152bff134cf7411f4eef176f0d5295401e283ea1966c21833a0c5e6d7e387a076d916fd4696dabb81ae4a7d626a29cb52d8378f52e43d68c6c699
  languageName: node
  linkType: hard

"@simpleview/sv-mosaic-consumer-tests@workspace:.":
  version: 0.0.0-use.local
  resolution: "@simpleview/sv-mosaic-consumer-tests@workspace:."
  dependencies:
    "@simpleview/sv-mosaic": ../mosaic
    typescript: ^5.5.4
  languageName: unknown
  linkType: soft

"@simpleview/sv-mosaic@portal:../mosaic::locator=%40simpleview%2Fsv-mosaic-consumer-tests%40workspace%3A.":
  version: 0.0.0-use.local
  resolution: "@simpleview/sv-mosaic@portal:../mosaic::locator=%40simpleview%2Fsv-mosaic-consumer-tests%40workspace%3A."
  dependencies:
    "@dnd-kit/core": 6.1.0
    "@dnd-kit/modifiers": ^7.0.0
    "@dnd-kit/sortable": 8.0.0
    "@dnd-kit/utilities": 3.2.2
    "@mui/utils": 5.16.6
    "@react-google-maps/api": ^2.7.0
    "@tiptap/core": 2.8.0
    "@tiptap/extension-blockquote": 2.8.0
    "@tiptap/extension-bold": 2.8.0
    "@tiptap/extension-bullet-list": 2.8.0
    "@tiptap/extension-code": 2.8.0
    "@tiptap/extension-code-block": 2.8.0
    "@tiptap/extension-document": 2.8.0
    "@tiptap/extension-dropcursor": 2.8.0
    "@tiptap/extension-hard-break": 2.8.0
    "@tiptap/extension-heading": 2.8.0
    "@tiptap/extension-history": 2.8.0
    "@tiptap/extension-image": 2.8.0
    "@tiptap/extension-italic": 2.8.0
    "@tiptap/extension-link": 2.8.0
    "@tiptap/extension-list-item": 2.8.0
    "@tiptap/extension-ordered-list": 2.8.0
    "@tiptap/extension-paragraph": 2.8.0
    "@tiptap/extension-strike": 2.8.0
    "@tiptap/extension-subscript": 2.8.0
    "@tiptap/extension-superscript": 2.8.0
    "@tiptap/extension-text": 2.8.0
    "@tiptap/extension-text-align": 2.8.0
    "@tiptap/extension-text-style": 2.8.0
    "@tiptap/extension-underline": 2.8.0
    "@tiptap/pm": 2.8.0
    "@tiptap/react": 2.8.0
    date-fns: ^2.29.1
    lodash: ^4.17.15
    nanoid: ^3.3.7
    postcode-validator: ^3.8.21
    react-phone-number-input: ^3.4.11
  peerDependencies:
    "@emotion/react": ^11.9.0
    "@emotion/styled": ^11.8.1
    "@mui/icons-material": 5.16.7
    "@mui/material": 5.16.7
    "@mui/styles": 5.16.7
    "@mui/x-date-pickers": ^5.0.0-beta.0
    i18next: ^19.5.0
    react: ^18.2.0
    react-dom: ^18.2.0
    react-i18next: ^11.7.0
    styled-components: ^4.3.2
  languageName: node
  linkType: soft

"@tiptap/core@npm:2.8.0":
  version: 2.8.0
  resolution: "@tiptap/core@npm:2.8.0"
  peerDependencies:
    "@tiptap/pm": ^2.7.0
  checksum: 5d7dc2801304dc532d96d2434c8c3b4e14411b21f357cfbc43ba33ae1d045961f1aa837a2ee67586a03bab1b0a1281783957c6c7b69b85034bb6aa4d6e23f256
  languageName: node
  linkType: hard

"@tiptap/extension-blockquote@npm:2.8.0":
  version: 2.8.0
  resolution: "@tiptap/extension-blockquote@npm:2.8.0"
  peerDependencies:
    "@tiptap/core": ^2.7.0
  checksum: d3640de2de3ab8aad74317134a65dca38a3a744e42a73e9448c18156028bf1131316684982af9a42938977d3d8a3393685c840ebc6d6145fa5778f52d4aa1ade
  languageName: node
  linkType: hard

"@tiptap/extension-bold@npm:2.8.0":
  version: 2.8.0
  resolution: "@tiptap/extension-bold@npm:2.8.0"
  peerDependencies:
    "@tiptap/core": ^2.7.0
  checksum: 770193f4119e6d9b8e6e8cfce9da9966e23d6c55efaf14deb587bd2d17a3c859046f03efb8f4dbf2fae7fa721f28d7c5b73d08dd90770de256dde25b6cd764f6
  languageName: node
  linkType: hard

"@tiptap/extension-bubble-menu@npm:^2.8.0":
  version: 2.8.0
  resolution: "@tiptap/extension-bubble-menu@npm:2.8.0"
  dependencies:
    tippy.js: ^6.3.7
  peerDependencies:
    "@tiptap/core": ^2.7.0
    "@tiptap/pm": ^2.7.0
  checksum: 28420c8c62893c8d32abd9f2a9005686ad85effcd981af84df5e0694e648a10101b6780f53737a7728bd7f266506a0bc21746b4469f14d82c30ed1a98ccee274
  languageName: node
  linkType: hard

"@tiptap/extension-bullet-list@npm:2.8.0":
  version: 2.8.0
  resolution: "@tiptap/extension-bullet-list@npm:2.8.0"
  peerDependencies:
    "@tiptap/core": ^2.7.0
    "@tiptap/extension-list-item": ^2.7.0
    "@tiptap/extension-text-style": ^2.7.0
  checksum: d98f390d0f4b141c8375e4153ddfb665fc353d73564562866bc9952c819bda7a323b75156cb4ef9f3a62aa32ba91211f2d78697d2fbf50f73d8a7b286f8e9d8e
  languageName: node
  linkType: hard

"@tiptap/extension-code-block@npm:2.8.0":
  version: 2.8.0
  resolution: "@tiptap/extension-code-block@npm:2.8.0"
  peerDependencies:
    "@tiptap/core": ^2.7.0
    "@tiptap/pm": ^2.7.0
  checksum: 55c96726ef7a2d3eb645803ffca3064220ee59faeb10d06510839f8b1ea5ded87627395b617e68ae87e28b1b57e07469392137ffd77345a9cfc29fc6f501bfa7
  languageName: node
  linkType: hard

"@tiptap/extension-code@npm:2.8.0":
  version: 2.8.0
  resolution: "@tiptap/extension-code@npm:2.8.0"
  peerDependencies:
    "@tiptap/core": ^2.7.0
  checksum: ecd0d12e06fa1ad2252b8529eb9e38b8e9ca4d291d9d467d57686a13106ade36e878a356a2ff5eb3da2cd12e03f4c152e8e4a9640bd73dffe38af10e73fe5455
  languageName: node
  linkType: hard

"@tiptap/extension-document@npm:2.8.0":
  version: 2.8.0
  resolution: "@tiptap/extension-document@npm:2.8.0"
  peerDependencies:
    "@tiptap/core": ^2.7.0
  checksum: 96c673a28659d130e0b72815eae7965e74180ff64a4feb5bfc2e9193e335cc4079be5e6101aef923d2a1e2608d2a4988f1004b14155f8c5d268157eb26f7fabe
  languageName: node
  linkType: hard

"@tiptap/extension-dropcursor@npm:2.8.0":
  version: 2.8.0
  resolution: "@tiptap/extension-dropcursor@npm:2.8.0"
  peerDependencies:
    "@tiptap/core": ^2.7.0
    "@tiptap/pm": ^2.7.0
  checksum: 61d8163e893da2d9f4466bcbc8a364712f020ffff42585e19e0f7a270c1b92162794a8052f99744616f9a3a8515914bde215d149f7a7de8d57d4f280d9cdffff
  languageName: node
  linkType: hard

"@tiptap/extension-floating-menu@npm:^2.8.0":
  version: 2.8.0
  resolution: "@tiptap/extension-floating-menu@npm:2.8.0"
  dependencies:
    tippy.js: ^6.3.7
  peerDependencies:
    "@tiptap/core": ^2.7.0
    "@tiptap/pm": ^2.7.0
  checksum: a2704027995046a8f1aff9d854b235704789fabaccc389fe015241798f8ced2436326e57f616c57622c63a0cee75f37327b66657a96868806a338cb80766a81e
  languageName: node
  linkType: hard

"@tiptap/extension-hard-break@npm:2.8.0":
  version: 2.8.0
  resolution: "@tiptap/extension-hard-break@npm:2.8.0"
  peerDependencies:
    "@tiptap/core": ^2.7.0
  checksum: 30ab0273507e1617ae75797e51c18ce2c056abb8ca5ba32d413ff7b99a8049ea085c623736b058896c535718871d7301436d40556cba3f9ebda83ab425b6ce99
  languageName: node
  linkType: hard

"@tiptap/extension-heading@npm:2.8.0":
  version: 2.8.0
  resolution: "@tiptap/extension-heading@npm:2.8.0"
  peerDependencies:
    "@tiptap/core": ^2.7.0
  checksum: 6e3290dd6eb21804364a3519ac6f8df0288fda3c1d1b0d3c16f221b06d1ce8c0b33841a636ffff78c936256ffa07ed387f93fd07e481725cb1dc1fd894e06872
  languageName: node
  linkType: hard

"@tiptap/extension-history@npm:2.8.0":
  version: 2.8.0
  resolution: "@tiptap/extension-history@npm:2.8.0"
  peerDependencies:
    "@tiptap/core": ^2.7.0
    "@tiptap/pm": ^2.7.0
  checksum: 575ab8226077ec48ac896fdb2d8924f7c8cb766b88137c3462919dc1a3d9755bb36b0b14c69addf395f7f95194e31046a87f446adf7f728272f237213cc12149
  languageName: node
  linkType: hard

"@tiptap/extension-image@npm:2.8.0":
  version: 2.8.0
  resolution: "@tiptap/extension-image@npm:2.8.0"
  peerDependencies:
    "@tiptap/core": ^2.7.0
  checksum: 53bb36aca12f0c25b3ece5798ea4496b97f834c40b8d8a7726c84aec7409f6f57715f3159f538f16d26ffe232cf048618a5d369935f7d07f3698e0989ec6b683
  languageName: node
  linkType: hard

"@tiptap/extension-italic@npm:2.8.0":
  version: 2.8.0
  resolution: "@tiptap/extension-italic@npm:2.8.0"
  peerDependencies:
    "@tiptap/core": ^2.7.0
  checksum: 3e734e8a6603437e268adbfb6478ca7e255b5b34a9df04363f2d1be808e2c3d262c7fd76509ef6c56c0a702e48d3500228cab7c1630e21fdce098b4df41d43fe
  languageName: node
  linkType: hard

"@tiptap/extension-link@npm:2.8.0":
  version: 2.8.0
  resolution: "@tiptap/extension-link@npm:2.8.0"
  dependencies:
    linkifyjs: ^4.1.0
  peerDependencies:
    "@tiptap/core": ^2.7.0
    "@tiptap/pm": ^2.7.0
  checksum: a299eb05867949da5ab8ea792c45711cd0ee9ea6ee798ec1120d09c5727d101d0948865a6af2e9f325457acc910e865c3c6bae01d162f49fcf274f9810c34879
  languageName: node
  linkType: hard

"@tiptap/extension-list-item@npm:2.8.0":
  version: 2.8.0
  resolution: "@tiptap/extension-list-item@npm:2.8.0"
  peerDependencies:
    "@tiptap/core": ^2.7.0
  checksum: 709676d2b09e01e3e4037560d8202e955f5a3bc7b02d7c60bfdfd4ace1f19d6e85b136a5f8e85998896f1aebbb8bd9c3bb1e5ba484b12dd95c8a7924185e4855
  languageName: node
  linkType: hard

"@tiptap/extension-ordered-list@npm:2.8.0":
  version: 2.8.0
  resolution: "@tiptap/extension-ordered-list@npm:2.8.0"
  peerDependencies:
    "@tiptap/core": ^2.7.0
    "@tiptap/extension-list-item": ^2.7.0
    "@tiptap/extension-text-style": ^2.7.0
  checksum: 77ed8e7aa75f10182e115df076980e6efe7655fe854da1edf036466cfd3c6e256f8cef28fb12495c4d9d2368eac7e688d129e0fdfb5722a7ba0b2fa4de15ad05
  languageName: node
  linkType: hard

"@tiptap/extension-paragraph@npm:2.8.0":
  version: 2.8.0
  resolution: "@tiptap/extension-paragraph@npm:2.8.0"
  peerDependencies:
    "@tiptap/core": ^2.7.0
  checksum: a99c8b44cc5e22b5b5c1e3ca5b046037fd9fa93d7d6e81720af1f167a49c77014d3f04221ce9fb1638a02d8afe0dcfa94cad1495000129a070132e95923e00e4
  languageName: node
  linkType: hard

"@tiptap/extension-strike@npm:2.8.0":
  version: 2.8.0
  resolution: "@tiptap/extension-strike@npm:2.8.0"
  peerDependencies:
    "@tiptap/core": ^2.7.0
  checksum: f5ce6b500ec5e8b8749b6e66f0d775491e84d80092edcddbff98fbc603ab98412b74c5186b8c1de0c53a55405939645d9568f033bbd38a6d0748cb645b596715
  languageName: node
  linkType: hard

"@tiptap/extension-subscript@npm:2.8.0":
  version: 2.8.0
  resolution: "@tiptap/extension-subscript@npm:2.8.0"
  peerDependencies:
    "@tiptap/core": ^2.7.0
  checksum: 453c5b99c696fa2a15f844ca1b113d6ea215df1a8ee3b5f611991bade94d4c65e49ac53407fd678b00328fe5f7f04ae911d89ea12a59865a41e471ea7d4b8f71
  languageName: node
  linkType: hard

"@tiptap/extension-superscript@npm:2.8.0":
  version: 2.8.0
  resolution: "@tiptap/extension-superscript@npm:2.8.0"
  peerDependencies:
    "@tiptap/core": ^2.7.0
  checksum: b6c9323357e92097ca276b1768756150a7c66410f190442de7c31d5438fc8a3dbeb198076a4ad2883d3e596b3e1fa0edfdd7d3dbacb4eed87d1a9c5485e0d974
  languageName: node
  linkType: hard

"@tiptap/extension-text-align@npm:2.8.0":
  version: 2.8.0
  resolution: "@tiptap/extension-text-align@npm:2.8.0"
  peerDependencies:
    "@tiptap/core": ^2.7.0
  checksum: f1530f13bcf9023b889466e9ef8e0119d0b49e0ff5c7c1352daecc0b31aeaf9a08748d68d5bc12e0ea4bea7cded4b6025287c35d511b42249bf654302f9368dc
  languageName: node
  linkType: hard

"@tiptap/extension-text-style@npm:2.8.0":
  version: 2.8.0
  resolution: "@tiptap/extension-text-style@npm:2.8.0"
  peerDependencies:
    "@tiptap/core": ^2.7.0
  checksum: 91c9b80e36394ff8af78c3633a23eb504f988d7af831a7170d4b6878b543e59740970370dc5ea0cde513fbf340e5cdeccf5b34390f377345c4e771674b3ce8df
  languageName: node
  linkType: hard

"@tiptap/extension-text@npm:2.8.0":
  version: 2.8.0
  resolution: "@tiptap/extension-text@npm:2.8.0"
  peerDependencies:
    "@tiptap/core": ^2.7.0
  checksum: 0c07ea7cf0007b1b112060b3d1e13d2bba1cbe44a614cffa95c0c79b09ec16dabfb3a0bc18d5e554aac5173aa0dab38ba3f022b3b07767c2e45c48224bc18e9d
  languageName: node
  linkType: hard

"@tiptap/extension-underline@npm:2.8.0":
  version: 2.8.0
  resolution: "@tiptap/extension-underline@npm:2.8.0"
  peerDependencies:
    "@tiptap/core": ^2.7.0
  checksum: d37576744c2bfb341e46423040f271995da383eb56c4744d4c605a2e9e672dd3b20c70b6ce8cb6b8c212dbf90b7076fa1305e39257067628d467f3c1457c5e7d
  languageName: node
  linkType: hard

"@tiptap/pm@npm:2.8.0":
  version: 2.8.0
  resolution: "@tiptap/pm@npm:2.8.0"
  dependencies:
    prosemirror-changeset: ^2.2.1
    prosemirror-collab: ^1.3.1
    prosemirror-commands: ^1.6.0
    prosemirror-dropcursor: ^1.8.1
    prosemirror-gapcursor: ^1.3.2
    prosemirror-history: ^1.4.1
    prosemirror-inputrules: ^1.4.0
    prosemirror-keymap: ^1.2.2
    prosemirror-markdown: ^1.13.0
    prosemirror-menu: ^1.2.4
    prosemirror-model: ^1.22.3
    prosemirror-schema-basic: ^1.2.3
    prosemirror-schema-list: ^1.4.1
    prosemirror-state: ^1.4.3
    prosemirror-tables: ^1.4.0
    prosemirror-trailing-node: ^3.0.0
    prosemirror-transform: ^1.10.0
    prosemirror-view: ^1.33.10
  checksum: 6c18f67f66c88e1317d1a80fc802f02daed1ed16c043637d943606c3d197576d998991bf42c1750337ea8e8ac48e21c42b2da0546980eac7ddc7d7e864df0125
  languageName: node
  linkType: hard

"@tiptap/react@npm:2.8.0":
  version: 2.8.0
  resolution: "@tiptap/react@npm:2.8.0"
  dependencies:
    "@tiptap/extension-bubble-menu": ^2.8.0
    "@tiptap/extension-floating-menu": ^2.8.0
    "@types/use-sync-external-store": ^0.0.6
    fast-deep-equal: ^3
    use-sync-external-store: ^1.2.2
  peerDependencies:
    "@tiptap/core": ^2.7.0
    "@tiptap/pm": ^2.7.0
    react: ^17.0.0 || ^18.0.0
    react-dom: ^17.0.0 || ^18.0.0
  checksum: e4ee6168ba089a96c48fefa810bb99196f4c4f180adbbd37fc11aa8cb8a704ec3ab447be3b26e9908ad0b5cd60e7b12708df15250aa3c0ab7c7091f01ddba803
  languageName: node
  linkType: hard

"@types/google.maps@npm:3.55.2":
  version: 3.55.2
  resolution: "@types/google.maps@npm:3.55.2"
  checksum: c0b554fddb0a59ddbe7cfb1ef8bc4aeacd9660b726546ec75fca62619680572338ceb3bcc5c63b035c87e6cc91532fa78f7f0d1aa2b5be4ac7fdebcffb396b39
  languageName: node
  linkType: hard

"@types/linkify-it@npm:^5":
  version: 5.0.0
  resolution: "@types/linkify-it@npm:5.0.0"
  checksum: ec98e03aa883f70153a17a1e6ed9e28b39a604049b485daeddae3a1482ec65cac0817520be6e301d99fd1a934b3950cf0f855655aae6ec27da2bb676ba4a148e
  languageName: node
  linkType: hard

"@types/markdown-it@npm:^14.0.0":
  version: 14.1.2
  resolution: "@types/markdown-it@npm:14.1.2"
  dependencies:
    "@types/linkify-it": ^5
    "@types/mdurl": ^2
  checksum: ad66e0b377d6af09a155bb65f675d1e2cb27d20a3d407377fe4508eb29cde1e765430b99d5129f89012e2524abb5525d629f7057a59ff9fd0967e1ff645b9ec6
  languageName: node
  linkType: hard

"@types/mdurl@npm:^2":
  version: 2.0.0
  resolution: "@types/mdurl@npm:2.0.0"
  checksum: 78746e96c655ceed63db06382da466fd52c7e9dc54d60b12973dfdd110cae06b9439c4b90e17bb8d4461109184b3ea9f3e9f96b3e4bf4aa9fe18b6ac35f283c8
  languageName: node
  linkType: hard

"@types/prop-types@npm:^15.7.12":
  version: 15.7.15
  resolution: "@types/prop-types@npm:15.7.15"
  checksum: 31aa2f59b28f24da6fb4f1d70807dae2aedfce090ec63eaf9ea01727a9533ef6eaf017de5bff99fbccad7d1c9e644f52c6c2ba30869465dd22b1a7221c29f356
  languageName: node
  linkType: hard

"@types/use-sync-external-store@npm:^0.0.6":
  version: 0.0.6
  resolution: "@types/use-sync-external-store@npm:0.0.6"
  checksum: a95ce330668501ad9b1c5b7f2b14872ad201e552a0e567787b8f1588b22c7040c7c3d80f142cbb9f92d13c4ea41c46af57a20f2af4edf27f224d352abcfe4049
  languageName: node
  linkType: hard

"argparse@npm:^2.0.1":
  version: 2.0.1
  resolution: "argparse@npm:2.0.1"
  checksum: 83644b56493e89a254bae05702abf3a1101b4fa4d0ca31df1c9985275a5a5bd47b3c27b7fa0b71098d41114d8ca000e6ed90cad764b306f8a503665e4d517ced
  languageName: node
  linkType: hard

"classnames@npm:^2.5.1":
  version: 2.5.1
  resolution: "classnames@npm:2.5.1"
  checksum: da424a8a6f3a96a2e87d01a432ba19315503294ac7e025f9fece656db6b6a0f7b5003bb1fbb51cbb0d9624d964f1b9bb35a51c73af9b2434c7b292c42231c1e5
  languageName: node
  linkType: hard

"clsx@npm:^2.1.1":
  version: 2.1.1
  resolution: "clsx@npm:2.1.1"
  checksum: acd3e1ab9d8a433ecb3cc2f6a05ab95fe50b4a3cfc5ba47abb6cbf3754585fcb87b84e90c822a1f256c4198e3b41c7f6c391577ffc8678ad587fc0976b24fd57
  languageName: node
  linkType: hard

"country-flag-icons@npm:^1.5.17":
  version: 1.5.18
  resolution: "country-flag-icons@npm:1.5.18"
  checksum: 9039abf0ab116249611f057c6dd820b36613920850077c50ea20fede7d3471dba7ce20b4cf6d9274a09b5363ee2d31b042a6964579b2484eb1ad4c43abb7957e
  languageName: node
  linkType: hard

"crelt@npm:^1.0.0":
  version: 1.0.6
  resolution: "crelt@npm:1.0.6"
  checksum: dad842093371ad702afbc0531bfca2b0a8dd920b23a42f26e66dabbed9aad9acd5b9030496359545ef3937c3aced0fd4ac39f7a2d280a23ddf9eb7fdcb94a69f
  languageName: node
  linkType: hard

"date-fns@npm:^2.29.1":
  version: 2.30.0
  resolution: "date-fns@npm:2.30.0"
  dependencies:
    "@babel/runtime": ^7.21.0
  checksum: f7be01523282e9bb06c0cd2693d34f245247a29098527d4420628966a2d9aad154bd0e90a6b1cf66d37adcb769cd108cf8a7bd49d76db0fb119af5cdd13644f4
  languageName: node
  linkType: hard

"entities@npm:^4.4.0":
  version: 4.5.0
  resolution: "entities@npm:4.5.0"
  checksum: 853f8ebd5b425d350bffa97dd6958143179a5938352ccae092c62d1267c4e392a039be1bae7d51b6e4ffad25f51f9617531fedf5237f15df302ccfb452cbf2d7
  languageName: node
  linkType: hard

"escape-string-regexp@npm:^4.0.0":
  version: 4.0.0
  resolution: "escape-string-regexp@npm:4.0.0"
  checksum: 98b48897d93060f2322108bf29db0feba7dd774be96cd069458d1453347b25ce8682ecc39859d4bca2203cc0ab19c237bcc71755eff49a0f8d90beadeeba5cc5
  languageName: node
  linkType: hard

"fast-deep-equal@npm:^3, fast-deep-equal@npm:^3.1.3":
  version: 3.1.3
  resolution: "fast-deep-equal@npm:3.1.3"
  checksum: e21a9d8d84f53493b6aa15efc9cfd53dd5b714a1f23f67fb5dc8f574af80df889b3bce25dc081887c6d25457cce704e636395333abad896ccdec03abaf1f3f9d
  languageName: node
  linkType: hard

"input-format@npm:^0.3.10":
  version: 0.3.14
  resolution: "input-format@npm:0.3.14"
  dependencies:
    prop-types: ^15.8.1
  peerDependencies:
    react: ">=18.1.0"
    react-dom: ">=18.1.0"
  peerDependenciesMeta:
    react:
      optional: true
    react-dom:
      optional: true
  checksum: 8776bd706ff86f97aa017a84bb1f1e3e48f6f60257cbf45fa6d1283f64fddbea8baac2e02f9eb85044cd25ef1a10b7d9c84c07e82f0fbed90161df183e75a460
  languageName: node
  linkType: hard

"invariant@npm:2.2.4":
  version: 2.2.4
  resolution: "invariant@npm:2.2.4"
  dependencies:
    loose-envify: ^1.0.0
  checksum: cc3182d793aad82a8d1f0af697b462939cb46066ec48bbf1707c150ad5fad6406137e91a262022c269702e01621f35ef60269f6c0d7fd178487959809acdfb14
  languageName: node
  linkType: hard

"js-tokens@npm:^3.0.0 || ^4.0.0":
  version: 4.0.0
  resolution: "js-tokens@npm:4.0.0"
  checksum: 8a95213a5a77deb6cbe94d86340e8d9ace2b93bc367790b260101d2f36a2eaf4e4e22d9fa9cf459b38af3a32fb4190e638024cf82ec95ef708680e405ea7cc78
  languageName: node
  linkType: hard

"kdbush@npm:^4.0.2":
  version: 4.0.2
  resolution: "kdbush@npm:4.0.2"
  checksum: 6782ef2cdaec9322376b9955a16b0163beda0cefa2f87da76e8970ade2572d8b63bec915347aaeac609484b0c6e84d7b591f229ef353b68b460238095bacde2d
  languageName: node
  linkType: hard

"libphonenumber-js@npm:^1.11.20":
  version: 1.12.6
  resolution: "libphonenumber-js@npm:1.12.6"
  checksum: 98ae28d3c8709f6e2c75396178b45b11bea47cd0638f2165170b4a32dd1ba911fdee9a51dd19d1f19feaa5d10faff4554d4ff96caa1341e77d3a7b3796f20e5e
  languageName: node
  linkType: hard

"linkify-it@npm:^5.0.0":
  version: 5.0.0
  resolution: "linkify-it@npm:5.0.0"
  dependencies:
    uc.micro: ^2.0.0
  checksum: b0b86cadaf816b64c947a83994ceaad1c15f9fe7e079776ab88699fb71afd7b8fc3fd3d0ae5ebec8c92c1d347be9ba257b8aef338c0ebf81b0d27dcf429a765a
  languageName: node
  linkType: hard

"linkifyjs@npm:^4.1.0":
  version: 4.3.2
  resolution: "linkifyjs@npm:4.3.2"
  checksum: 9fb57de4b6758f24f399a42a29e0c0e90285105f1f6860cb1bb0be05fc2bf291251d0dfefb08ee4e1e89154d39230aed54b5e91358f040ffa46c31a804413952
  languageName: node
  linkType: hard

"lodash@npm:^4.17.15":
  version: 4.17.21
  resolution: "lodash@npm:4.17.21"
  checksum: eb835a2e51d381e561e508ce932ea50a8e5a68f4ebdd771ea240d3048244a8d13658acbd502cd4829768c56f2e16bdd4340b9ea141297d472517b83868e677f7
  languageName: node
  linkType: hard

"loose-envify@npm:^1.0.0, loose-envify@npm:^1.4.0":
  version: 1.4.0
  resolution: "loose-envify@npm:1.4.0"
  dependencies:
    js-tokens: ^3.0.0 || ^4.0.0
  bin:
    loose-envify: cli.js
  checksum: 6517e24e0cad87ec9888f500c5b5947032cdfe6ef65e1c1936a0c48a524b81e65542c9c3edc91c97d5bddc806ee2a985dbc79be89215d613b1de5db6d1cfe6f4
  languageName: node
  linkType: hard

"markdown-it@npm:^14.0.0":
  version: 14.1.0
  resolution: "markdown-it@npm:14.1.0"
  dependencies:
    argparse: ^2.0.1
    entities: ^4.4.0
    linkify-it: ^5.0.0
    mdurl: ^2.0.0
    punycode.js: ^2.3.1
    uc.micro: ^2.1.0
  bin:
    markdown-it: bin/markdown-it.mjs
  checksum: 07296b45ebd0b13a55611a24d1b1ad002c6729ec54f558f597846994b0b7b1de79d13cd99ff3e7b6e9e027f36b63125cdcf69174da294ecabdd4e6b9fff39e5d
  languageName: node
  linkType: hard

"mdurl@npm:^2.0.0":
  version: 2.0.0
  resolution: "mdurl@npm:2.0.0"
  checksum: 880bc289ef668df0bb34c5b2b5aaa7b6ea755052108cdaf4a5e5968ad01cf27e74927334acc9ebcc50a8628b65272ae6b1fd51fae1330c130e261c0466e1a3b2
  languageName: node
  linkType: hard

"nanoid@npm:^3.3.7":
  version: 3.3.7
  resolution: "nanoid@npm:3.3.7"
  bin:
    nanoid: bin/nanoid.cjs
  checksum: d36c427e530713e4ac6567d488b489a36582ef89da1d6d4e3b87eded11eb10d7042a877958c6f104929809b2ab0bafa17652b076cdf84324aa75b30b722204f2
  languageName: node
  linkType: hard

"object-assign@npm:^4.1.1":
  version: 4.1.1
  resolution: "object-assign@npm:4.1.1"
  checksum: fcc6e4ea8c7fe48abfbb552578b1c53e0d194086e2e6bbbf59e0a536381a292f39943c6e9628af05b5528aa5e3318bb30d6b2e53cadaf5b8fe9e12c4b69af23f
  languageName: node
  linkType: hard

"orderedmap@npm:^2.0.0":
  version: 2.1.1
  resolution: "orderedmap@npm:2.1.1"
  checksum: 082cf970b0b66d1c5a904b07880534092ce8a2f2eea7a52cf111f6c956210fa88226c13866aef4d22a3abe56924f21ead12f7ee8c1dfaf2f63d897a4e7c23328
  languageName: node
  linkType: hard

"postcode-validator@npm:^3.8.21":
  version: 3.9.2
  resolution: "postcode-validator@npm:3.9.2"
  checksum: 42440ffa5a4a95b6befc26b4a6676219b3ab5439d1af0003a92082462dadc252eebe0e6317f87edac6a6a37e8e4d191ab89241116a9eecca1722e18bc1027808
  languageName: node
  linkType: hard

"prop-types@npm:^15.8.1":
  version: 15.8.1
  resolution: "prop-types@npm:15.8.1"
  dependencies:
    loose-envify: ^1.4.0
    object-assign: ^4.1.1
    react-is: ^16.13.1
  checksum: c056d3f1c057cb7ff8344c645450e14f088a915d078dcda795041765047fa080d38e5d626560ccaac94a4e16e3aa15f3557c1a9a8d1174530955e992c675e459
  languageName: node
  linkType: hard

"prosemirror-changeset@npm:^2.2.1":
  version: 2.2.1
  resolution: "prosemirror-changeset@npm:2.2.1"
  dependencies:
    prosemirror-transform: ^1.0.0
  checksum: e1a661d3508453a8d50ee3079c098ac89c953665f30bed00f89fab940aee0515f0ad4584b4ca8cea218cdaa39808c1392698eecd92072647a70551cb316050c4
  languageName: node
  linkType: hard

"prosemirror-collab@npm:^1.3.1":
  version: 1.3.1
  resolution: "prosemirror-collab@npm:1.3.1"
  dependencies:
    prosemirror-state: ^1.0.0
  checksum: 674fd2227d2070b6b28d1982748c4e60d5e637c460a160d732e398f131ba960500476f745aff7de9426d2cc9bbb33e33bcd2bdc56a345cb691b33c54f8ccff37
  languageName: node
  linkType: hard

"prosemirror-commands@npm:^1.0.0, prosemirror-commands@npm:^1.6.0":
  version: 1.6.1
  resolution: "prosemirror-commands@npm:1.6.1"
  dependencies:
    prosemirror-model: ^1.0.0
    prosemirror-state: ^1.0.0
    prosemirror-transform: ^1.10.2
  checksum: d681f0d121024fe44c1923cd2f745cd9ed0e5a7b75ad64339c0848bebb5a8eb5f31d36ad705911988f939ce035d31ab79985d957023c8352138152d07833ec0b
  languageName: node
  linkType: hard

"prosemirror-dropcursor@npm:^1.8.1":
  version: 1.8.1
  resolution: "prosemirror-dropcursor@npm:1.8.1"
  dependencies:
    prosemirror-state: ^1.0.0
    prosemirror-transform: ^1.1.0
    prosemirror-view: ^1.1.0
  checksum: 9c9c58502c101548bd66d8d6ead6aceac92330e52a951b49698adaca9877245955db49b1e7abac906d50929ed3f6efb5f2ab158dbc02db2a497d75fb82d79433
  languageName: node
  linkType: hard

"prosemirror-gapcursor@npm:^1.3.2":
  version: 1.3.2
  resolution: "prosemirror-gapcursor@npm:1.3.2"
  dependencies:
    prosemirror-keymap: ^1.0.0
    prosemirror-model: ^1.0.0
    prosemirror-state: ^1.0.0
    prosemirror-view: ^1.0.0
  checksum: a1a359f9cb701417f00b330d24b70aaba48ef48a906bc1a7425de1c81c3fa67b19352c432075419ec363827006799964ab47f1ca192e25a2c4fb696e6d1db3ed
  languageName: node
  linkType: hard

"prosemirror-history@npm:^1.0.0, prosemirror-history@npm:^1.4.1":
  version: 1.4.1
  resolution: "prosemirror-history@npm:1.4.1"
  dependencies:
    prosemirror-state: ^1.2.2
    prosemirror-transform: ^1.0.0
    prosemirror-view: ^1.31.0
    rope-sequence: ^1.3.0
  checksum: 90f9bf59bc95957fabd57044f881d9a05f603771f1c3b5ef8957c25d99464af3cdfb3bec32dfe509e2ef971f1231b2f60fb33502c7adcb3a18ff4ffd3b87d753
  languageName: node
  linkType: hard

"prosemirror-inputrules@npm:^1.4.0":
  version: 1.4.0
  resolution: "prosemirror-inputrules@npm:1.4.0"
  dependencies:
    prosemirror-state: ^1.0.0
    prosemirror-transform: ^1.0.0
  checksum: b893eff382b585aa934e41a7bcbb02cd9ce5199bc6e939ef3f1629aeaf181320f2b52a0d088cb6432aa10c4536c3b5ea67a15e66ef24714a3b3f9e89d0f29ef4
  languageName: node
  linkType: hard

"prosemirror-keymap@npm:^1.0.0, prosemirror-keymap@npm:^1.1.2, prosemirror-keymap@npm:^1.2.2":
  version: 1.2.2
  resolution: "prosemirror-keymap@npm:1.2.2"
  dependencies:
    prosemirror-state: ^1.0.0
    w3c-keyname: ^2.2.0
  checksum: 85fe4fc3038499b6dabd9a16581c0ee7a4358835c200f8a6a17dbe05733ea3df1f2571b0d02c071dbd51ce32e909da3ebb9227f25434587238e89f8c9ba293f9
  languageName: node
  linkType: hard

"prosemirror-markdown@npm:^1.13.0":
  version: 1.13.1
  resolution: "prosemirror-markdown@npm:1.13.1"
  dependencies:
    "@types/markdown-it": ^14.0.0
    markdown-it: ^14.0.0
    prosemirror-model: ^1.20.0
  checksum: fb5487760ec58c80b53fda2e1095e316b0ecf9921a2cecfa71bb6e74b29e4c486fd7fa571661b26c93b64d7c218ab19180890c928aaa562322a5c9db04f9665a
  languageName: node
  linkType: hard

"prosemirror-menu@npm:^1.2.4":
  version: 1.2.4
  resolution: "prosemirror-menu@npm:1.2.4"
  dependencies:
    crelt: ^1.0.0
    prosemirror-commands: ^1.0.0
    prosemirror-history: ^1.0.0
    prosemirror-state: ^1.0.0
  checksum: 9fddd7053935e0c6129ebb7f628b5b914a12490fb4655388757485702b1f52734eb9a5ac71a7ff8a7b6f2f318268b5e87fb84d18080d20a0068f63b692de21d1
  languageName: node
  linkType: hard

"prosemirror-model@npm:^1.0.0, prosemirror-model@npm:^1.19.0, prosemirror-model@npm:^1.20.0, prosemirror-model@npm:^1.21.0, prosemirror-model@npm:^1.22.3, prosemirror-model@npm:^1.8.1":
  version: 1.23.0
  resolution: "prosemirror-model@npm:1.23.0"
  dependencies:
    orderedmap: ^2.0.0
  checksum: f5ab1593cbe09b77fcf8841442dbedf01c883da11f3c5a999f8fab93df1ce95cc5d0352c3ab424e94c1b1417a8fdaf5dd0fb3ffed0ed288d778ab3244ec2ffc3
  languageName: node
  linkType: hard

"prosemirror-schema-basic@npm:^1.2.3":
  version: 1.2.3
  resolution: "prosemirror-schema-basic@npm:1.2.3"
  dependencies:
    prosemirror-model: ^1.19.0
  checksum: 49711ec1ee65a20adec4dbaa245ba0870fd8650633af8a624d1f0ce1377822ab2e04c333155a373aeb81e0f5f96693d40973ef89e17f4469f6ee53534268114a
  languageName: node
  linkType: hard

"prosemirror-schema-list@npm:^1.4.1":
  version: 1.4.1
  resolution: "prosemirror-schema-list@npm:1.4.1"
  dependencies:
    prosemirror-model: ^1.0.0
    prosemirror-state: ^1.0.0
    prosemirror-transform: ^1.7.3
  checksum: dde0c96cc2ca1bc132ce0f2c5a3ccd73d264b1e39dce4c7da65db00282225d0e9bf3a2c08789430488e6095abc8104a377c8b7b6727d2e5f53dd14dec9f4658d
  languageName: node
  linkType: hard

"prosemirror-state@npm:^1.0.0, prosemirror-state@npm:^1.2.2, prosemirror-state@npm:^1.3.1, prosemirror-state@npm:^1.4.3":
  version: 1.4.3
  resolution: "prosemirror-state@npm:1.4.3"
  dependencies:
    prosemirror-model: ^1.0.0
    prosemirror-transform: ^1.0.0
    prosemirror-view: ^1.27.0
  checksum: 28857d935c443efae185407e2b6fe4ab481840a3609dfac344ee16eeeaebf39765207c8e525bd628d72755f9257cd51a743e543c8c9d4357b7e67ab22c9dc44c
  languageName: node
  linkType: hard

"prosemirror-tables@npm:^1.4.0":
  version: 1.5.0
  resolution: "prosemirror-tables@npm:1.5.0"
  dependencies:
    prosemirror-keymap: ^1.1.2
    prosemirror-model: ^1.8.1
    prosemirror-state: ^1.3.1
    prosemirror-transform: ^1.2.1
    prosemirror-view: ^1.13.3
  checksum: a3843a76104d0c0340c311e39cc1d94ced3198efb1a275fc25dbe513e961094930c3915c8164d5852f1effe46c1cb2d5234684f3602132d92349910b1d3a1a4f
  languageName: node
  linkType: hard

"prosemirror-trailing-node@npm:^3.0.0":
  version: 3.0.0
  resolution: "prosemirror-trailing-node@npm:3.0.0"
  dependencies:
    "@remirror/core-constants": 3.0.0
    escape-string-regexp: ^4.0.0
  peerDependencies:
    prosemirror-model: ^1.22.1
    prosemirror-state: ^1.4.2
    prosemirror-view: ^1.33.8
  checksum: ba8081fb01a4be3f89f0eddbe5da245b296f0d333016791c63dbc4277a0ebcc6d261792c433210d5a78990cca4a711ca1555b2e265dabd6ab78594dd35f48268
  languageName: node
  linkType: hard

"prosemirror-transform@npm:^1.0.0, prosemirror-transform@npm:^1.1.0, prosemirror-transform@npm:^1.10.0, prosemirror-transform@npm:^1.10.2, prosemirror-transform@npm:^1.2.1, prosemirror-transform@npm:^1.7.3":
  version: 1.10.2
  resolution: "prosemirror-transform@npm:1.10.2"
  dependencies:
    prosemirror-model: ^1.21.0
  checksum: 93b0c03affe579b0995b0c1e9a0bd54a1d7147ea1508ffc283ed41ee463e8ebc7a58b3b24ce5cc5fac542176f1fbd5c2ba1f32dd27037b1e0e33074b3997899f
  languageName: node
  linkType: hard

"prosemirror-view@npm:^1.0.0, prosemirror-view@npm:^1.1.0, prosemirror-view@npm:^1.13.3, prosemirror-view@npm:^1.27.0, prosemirror-view@npm:^1.31.0, prosemirror-view@npm:^1.33.10":
  version: 1.34.3
  resolution: "prosemirror-view@npm:1.34.3"
  dependencies:
    prosemirror-model: ^1.20.0
    prosemirror-state: ^1.0.0
    prosemirror-transform: ^1.1.0
  checksum: 622a9e40616da70a3f0368979a8b1e1639c90781ebfd3528c1cbf9863d2eed3186d862c9fa76ff04d13b5b277bc10d3fb28c72ff665f8a018e0db068c9a80c79
  languageName: node
  linkType: hard

"punycode.js@npm:^2.3.1":
  version: 2.3.1
  resolution: "punycode.js@npm:2.3.1"
  checksum: 13466d7ed5e8dacdab8c4cc03837e7dd14218a59a40eb14a837f1f53ca396e18ef2c4ee6d7766b8ed2fc391d6a3ac489eebf2de83b3596f5a54e86df4a251b72
  languageName: node
  linkType: hard

"react-is@npm:^16.13.1":
  version: 16.13.1
  resolution: "react-is@npm:16.13.1"
  checksum: f7a19ac3496de32ca9ae12aa030f00f14a3d45374f1ceca0af707c831b2a6098ef0d6bdae51bd437b0a306d7f01d4677fcc8de7c0d331eb47ad0f46130e53c5f
  languageName: node
  linkType: hard

"react-is@npm:^18.3.1":
  version: 18.3.1
  resolution: "react-is@npm:18.3.1"
  checksum: e20fe84c86ff172fc8d898251b7cc2c43645d108bf96d0b8edf39b98f9a2cae97b40520ee7ed8ee0085ccc94736c4886294456033304151c3f94978cec03df21
  languageName: node
  linkType: hard

"react-phone-number-input@npm:^3.4.11":
  version: 3.4.12
  resolution: "react-phone-number-input@npm:3.4.12"
  dependencies:
    classnames: ^2.5.1
    country-flag-icons: ^1.5.17
    input-format: ^0.3.10
    libphonenumber-js: ^1.11.20
    prop-types: ^15.8.1
  peerDependencies:
    react: ">=16.8"
    react-dom: ">=16.8"
  checksum: 41273da06da8dcfb420cef0de52ec3ae5a7a6558358ad48ef6a7f4eae1a6be9334625c2295367f2ac474a365eb225090e0ee783be92a8367a9fb945e34b811eb
  languageName: node
  linkType: hard

"regenerator-runtime@npm:^0.14.0":
  version: 0.14.1
  resolution: "regenerator-runtime@npm:0.14.1"
  checksum: 9f57c93277b5585d3c83b0cf76be47b473ae8c6d9142a46ce8b0291a04bb2cf902059f0f8445dcabb3fb7378e5fe4bb4ea1e008876343d42e46d3b484534ce38
  languageName: node
  linkType: hard

"rope-sequence@npm:^1.3.0":
  version: 1.3.4
  resolution: "rope-sequence@npm:1.3.4"
  checksum: 95cca2f99af3d0d1f2f5e2781b6ae352c05e024c25f17f68a9b3ff31c651c8c46f096c70c46b561898e0bc94d261dfed60148f3aa009d1e98280e14ab0fe1438
  languageName: node
  linkType: hard

"supercluster@npm:^8.0.1":
  version: 8.0.1
  resolution: "supercluster@npm:8.0.1"
  dependencies:
    kdbush: ^4.0.2
  checksum: 39d141f768a511efa53260252f9dab9a2ce0228b334e55482c8d3019e151932f05e1a9a0252d681737651b13c741c665542a6ddb40ec27de96159ea7ad41f7f4
  languageName: node
  linkType: hard

"tippy.js@npm:^6.3.7":
  version: 6.3.7
  resolution: "tippy.js@npm:6.3.7"
  dependencies:
    "@popperjs/core": ^2.9.0
  checksum: cac955318a65288e8d2dca05059878b003c6e66f92c94f7810f5bc5448eb6646abdf7dacc9bd00020e2611592598d0aae3a28ec9a45349a159603c3fdddce5fb
  languageName: node
  linkType: hard

"tslib@npm:^2.0.0":
  version: 2.6.3
  resolution: "tslib@npm:2.6.3"
  checksum: 74fce0e100f1ebd95b8995fbbd0e6c91bdd8f4c35c00d4da62e285a3363aaa534de40a80db30ecfd388ed7c313c42d930ee0eaf108e8114214b180eec3dbe6f5
  languageName: node
  linkType: hard

"typescript@npm:^5.5.4":
  version: 5.5.4
  resolution: "typescript@npm:5.5.4"
  bin:
    tsc: bin/tsc
    tsserver: bin/tsserver
  checksum: b309040f3a1cd91c68a5a58af6b9fdd4e849b8c42d837b2c2e73f9a4f96a98c4f1ed398a9aab576ee0a4748f5690cf594e6b99dbe61de7839da748c41e6d6ca8
  languageName: node
  linkType: hard

"typescript@patch:typescript@^5.5.4#~builtin<compat/typescript>":
  version: 5.5.4
  resolution: "typescript@patch:typescript@npm%3A5.5.4#~builtin<compat/typescript>::version=5.5.4&hash=493e53"
  bin:
    tsc: bin/tsc
    tsserver: bin/tsserver
  checksum: fc52962f31a5bcb716d4213bef516885e4f01f30cea797a831205fc9ef12b405a40561c40eae3127ab85ba1548e7df49df2bcdee6b84a94bfbe3a0d7eff16b14
  languageName: node
  linkType: hard

"uc.micro@npm:^2.0.0, uc.micro@npm:^2.1.0":
  version: 2.1.0
  resolution: "uc.micro@npm:2.1.0"
  checksum: 37197358242eb9afe367502d4638ac8c5838b78792ab218eafe48287b0ed28aaca268ec0392cc5729f6c90266744de32c06ae938549aee041fc93b0f9672d6b2
  languageName: node
  linkType: hard

"use-sync-external-store@npm:^1.2.2":
  version: 1.2.2
  resolution: "use-sync-external-store@npm:1.2.2"
  peerDependencies:
    react: ^16.8.0 || ^17.0.0 || ^18.0.0
  checksum: fe07c071c4da3645f112c38c0e57beb479a8838616ff4e92598256ecce527f2888c08febc7f9b2f0ce2f0e18540ba3cde41eb2035e4fafcb4f52955037098a81
  languageName: node
  linkType: hard

"w3c-keyname@npm:^2.2.0":
  version: 2.2.8
  resolution: "w3c-keyname@npm:2.2.8"
  checksum: 95bafa4c04fa2f685a86ca1000069c1ec43ace1f8776c10f226a73296caeddd83f893db885c2c220ebeb6c52d424e3b54d7c0c1e963bbf204038ff1a944fbb07
  languageName: node
  linkType: hard
